
Microsoft Visual Studio Solution File, Format Version 12.00
# Visual Studio Version 16
VisualStudioVersion = 16.0.35130.168
MinimumVisualStudioVersion = 10.0.40219.1
Project("{FAE04EC0-301F-11D3-BF4B-00C04F79EFBC}") = "eTickets", "eTickets\eTickets.csproj", "{0173B7FF-5B67-4542-B050-51D4993111EB}"
EndProject
Global
	GlobalSection(SolutionConfigurationPlatforms) = preSolution
		Debug|Any CPU = Debug|Any CPU
		Release|Any CPU = Release|Any CPU
	EndGlobalSection
	GlobalSection(ProjectConfigurationPlatforms) = postSolution
		{0173B7FF-5B67-4542-B050-51D4993111EB}.Debug|Any CPU.ActiveCfg = Debug|Any CPU
		{0173B7FF-5B67-4542-B050-51D4993111EB}.Debug|Any CPU.Build.0 = Debug|Any CPU
		{0173B7FF-5B67-4542-B050-51D4993111EB}.Release|Any CPU.ActiveCfg = Release|Any CPU
		{0173B7FF-5B67-4542-B050-51D4993111EB}.Release|Any CPU.Build.0 = Release|Any CPU
	EndGlobalSection
	GlobalSection(SolutionProperties) = preSolution
		HideSolutionNode = FALSE
	EndGlobalSection
	GlobalSection(ExtensibilityGlobals) = postSolution
		SolutionGuid = {41746765-9FCC-47EF-81D3-A5CA3BFCDEE6}
	EndGlobalSection
EndGlobal
